<?xml version="1.0" encoding="utf-8"?>
<Project ToolsVersion="4.0" xmlns="http://schemas.microsoft.com/developer/msbuild/2003">
  <ItemGroup>
    <Filter Include="Resource Files">
      <UniqueIdentifier>{67DA6AB6-F800-4c08-8B7A-83BB121AAD01}</UniqueIdentifier>
      <Extensions>rc;ico;cur;bmp;dlg;rc2;rct;bin;rgs;gif;jpg;jpeg;jpe;resx;tiff;tif;png;wav;mfcribbon-ms</Extensions>
    </Filter>
    <Filter Include="Entry point">
      <UniqueIdentifier>{551be12e-f764-4cc5-ae31-a4976691395d}</UniqueIdentifier>
    </Filter>
    <Filter Include="Scenes">
      <UniqueIdentifier>{4FC737F1-C7A5-4376-A066-2A32D752A2FF}</UniqueIdentifier>
      <Extensions>
      </Extensions>
    </Filter>
    <Filter Include="Utils">
      <UniqueIdentifier>{e07b23e2-1875-4be0-b3a2-72301f873b43}</UniqueIdentifier>
    </Filter>
    <Filter Include="Misc">
      <UniqueIdentifier>{93995380-89BD-4b04-88EB-625FBE52EBFB}</UniqueIdentifier>
      <Extensions>
      </Extensions>
    </Filter>
    <Filter Include="Game Objects">
      <UniqueIdentifier>{7aca302a-6776-4d12-b91c-d3872797b1ac}</UniqueIdentifier>
    </Filter>
  </ItemGroup>
  <ItemGroup>
    <None Include="ReadMe.txt" />
    <None Include="small.ico">
      <Filter>Resource Files</Filter>
    </None>
    <None Include="project.ico">
      <Filter>Resource Files</Filter>
    </None>
  </ItemGroup>
  <ItemGroup>
    <ClInclude Include="testCases.h">
      <Filter>Misc</Filter>
    </ClInclude>
    <ClInclude Include="scenes\EventData.h">
      <Filter>Misc</Filter>
    </ClInclude>
    <ClInclude Include="gameobjects\GameObject.h">
      <Filter>Game Objects</Filter>
    </ClInclude>
    <ClInclude Include="utils\Vec2.h">
      <Filter>Utils</Filter>
    </ClInclude>
    <ClInclude Include="utils\Mat33.h">
      <Filter>Utils</Filter>
    </ClInclude>
    <ClInclude Include="project.h">
      <Filter>Entry point</Filter>
    </ClInclude>
    <ClInclude Include="Resource.h">
      <Filter>Entry point</Filter>
    </ClInclude>
    <ClInclude Include="targetver.h">
      <Filter>Entry point</Filter>
    </ClInclude>
    <ClInclude Include="stdafx.h">
      <Filter>Entry point</Filter>
    </ClInclude>
    <ClInclude Include="scenes\Scene.h">
      <Filter>Scenes</Filter>
    </ClInclude>
    <ClInclude Include="scenes\TestScene.h">
      <Filter>Scenes</Filter>
    </ClInclude>
    <ClInclude Include="scenes\SceneRunner.h">
      <Filter>Scenes</Filter>
    </ClInclude>
    <ClInclude Include="scenes\SceneRunner_Winapi.h">
      <Filter>Scenes</Filter>
    </ClInclude>
    <ClInclude Include="gameobjects\Rect.h">
      <Filter>Game Objects</Filter>
    </ClInclude>
    <ClInclude Include="gameobjects\SpriteObject.h">
      <Filter>Game Objects</Filter>
    </ClInclude>
    <ClInclude Include="gameobjects\Text.h">
      <Filter>Game Objects</Filter>
    </ClInclude>
    <ClInclude Include="utils\utils.h">
      <Filter>Utils</Filter>
    </ClInclude>
    <ClInclude Include="gameobjects\Button.h">
      <Filter>Game Objects</Filter>
    </ClInclude>
    <ClInclude Include="gameobjects\TextBox.h">
      <Filter>Game Objects</Filter>
    </ClInclude>
    <ClInclude Include="gameobjects\Panel.h">
      <Filter>Game Objects</Filter>
    </ClInclude>
  </ItemGroup>
  <ItemGroup>
    <ClCompile Include="scenes\SceneRunner.cpp">
      <Filter>Scenes</Filter>
    </ClCompile>
    <ClCompile Include="scenes\SceneRunner_Winapi.cpp">
      <Filter>Scenes</Filter>
    </ClCompile>
    <ClCompile Include="scenes\TestScene_Winapi.cpp">
      <Filter>Scenes</Filter>
    </ClCompile>
    <ClCompile Include="scenes\Scene.cpp">
      <Filter>Scenes</Filter>
    </ClCompile>
    <ClCompile Include="gameobjects\GameObject.cpp">
      <Filter>Game Objects</Filter>
    </ClCompile>
    <ClCompile Include="utils\Vec2.cpp">
      <Filter>Utils</Filter>
    </ClCompile>
    <ClCompile Include="utils\Mat33.cpp">
      <Filter>Utils</Filter>
    </ClCompile>
    <ClCompile Include="project.cpp">
      <Filter>Entry point</Filter>
    </ClCompile>
    <ClCompile Include="stdafx.cpp">
      <Filter>Entry point</Filter>
    </ClCompile>
    <ClCompile Include="gameobjects\Rect.cpp">
      <Filter>Game Objects</Filter>
    </ClCompile>
    <ClCompile Include="scenes\scene_Winapi.cpp">
      <Filter>Scenes</Filter>
    </ClCompile>
    <ClCompile Include="utils\Color.h">
      <Filter>Utils</Filter>
    </ClCompile>
    <ClCompile Include="gameobjects\objectRender_Winapi.cpp">
      <Filter>Game Objects</Filter>
    </ClCompile>
    <ClCompile Include="gameobjects\SpriteObject.cpp">
      <Filter>Game Objects</Filter>
    </ClCompile>
    <ClCompile Include="gameobjects\Text.cpp">
      <Filter>Game Objects</Filter>
    </ClCompile>
    <ClCompile Include="gameobjects\Button.cpp">
      <Filter>Game Objects</Filter>
    </ClCompile>
    <ClCompile Include="gameobjects\TextBox.cpp">
      <Filter>Game Objects</Filter>
    </ClCompile>
    <ClCompile Include="gameobjects\Panel.cpp">
      <Filter>Game Objects</Filter>
    </ClCompile>
  </ItemGroup>
  <ItemGroup>
    <ResourceCompile Include="project.rc">
      <Filter>Resource Files</Filter>
    </ResourceCompile>
  </ItemGroup>
</Project>